
Microsoft Visual Studio Solution File, Format Version 12.00
# Visual Studio Version 16
VisualStudioVersion = 16.0.28803.452
MinimumVisualStudioVersion = 10.0.40219.1
Project("{9A19103F-16F7-4668-BE54-9A1E7A4F7556}") = "Common", "src\Common\Common.csproj", "{CE1B37CA-554D-47D9-8A72-CC5AC7976337}"
EndProject
Project("{9A19103F-16F7-4668-BE54-9A1E7A4F7556}") = "Common.Razor", "src\Common.Razor\Common.Razor.csproj", "{05413C12-8C82-48D5-BC46-6B934C4C21D4}"
EndProject
Project("{9A19103F-16F7-4668-BE54-9A1E7A4F7556}") = "Common.Razor.Demo", "samples\Common.Razor.Demo\Common.Razor.Demo.csproj", "{BBEF4CB3-B8DB-4F42-AD19-E39415BCE412}"
EndProject
Project("{FAE04EC0-301F-11D3-BF4B-00C04F79EFBC}") = "Common.Tests", "tests\Common.Tests\Common.Tests.csproj", "{5CCD64EE-F92B-4A6C-9AFE-1C10D4471399}"
EndProject
Project("{FAE04EC0-301F-11D3-BF4B-00C04F79EFBC}") = "Common.Razor.Tests", "tests\Common.Razor.Tests\Common.Razor.Tests.csproj", "{57A31AC1-7002-4F01-9418-47A3EE2BFDDA}"
EndProject
Global
	GlobalSection(SolutionConfigurationPlatforms) = preSolution
		Debug|Any CPU = Debug|Any CPU
		Release|Any CPU = Release|Any CPU
	EndGlobalSection
	GlobalSection(ProjectConfigurationPlatforms) = postSolution
		{CE1B37CA-554D-47D9-8A72-CC5AC7976337}.Debug|Any CPU.ActiveCfg = Debug|Any CPU
		{CE1B37CA-554D-47D9-8A72-CC5AC7976337}.Debug|Any CPU.Build.0 = Debug|Any CPU
		{CE1B37CA-554D-47D9-8A72-CC5AC7976337}.Release|Any CPU.ActiveCfg = Release|Any CPU
		{CE1B37CA-554D-47D9-8A72-CC5AC7976337}.Release|Any CPU.Build.0 = Release|Any CPU
		{05413C12-8C82-48D5-BC46-6B934C4C21D4}.Debug|Any CPU.ActiveCfg = Debug|Any CPU
		{05413C12-8C82-48D5-BC46-6B934C4C21D4}.Debug|Any CPU.Build.0 = Debug|Any CPU
		{05413C12-8C82-48D5-BC46-6B934C4C21D4}.Release|Any CPU.ActiveCfg = Release|Any CPU
		{05413C12-8C82-48D5-BC46-6B934C4C21D4}.Release|Any CPU.Build.0 = Release|Any CPU
		{BBEF4CB3-B8DB-4F42-AD19-E39415BCE412}.Debug|Any CPU.ActiveCfg = Debug|Any CPU
		{BBEF4CB3-B8DB-4F42-AD19-E39415BCE412}.Debug|Any CPU.Build.0 = Debug|Any CPU
		{BBEF4CB3-B8DB-4F42-AD19-E39415BCE412}.Release|Any CPU.ActiveCfg = Release|Any CPU
		{BBEF4CB3-B8DB-4F42-AD19-E39415BCE412}.Release|Any CPU.Build.0 = Release|Any CPU
		{5CCD64EE-F92B-4A6C-9AFE-1C10D4471399}.Debug|Any CPU.ActiveCfg = Debug|Any CPU
		{5CCD64EE-F92B-4A6C-9AFE-1C10D4471399}.Debug|Any CPU.Build.0 = Debug|Any CPU
		{5CCD64EE-F92B-4A6C-9AFE-1C10D4471399}.Release|Any CPU.ActiveCfg = Release|Any CPU
		{5CCD64EE-F92B-4A6C-9AFE-1C10D4471399}.Release|Any CPU.Build.0 = Release|Any CPU
		{57A31AC1-7002-4F01-9418-47A3EE2BFDDA}.Debug|Any CPU.ActiveCfg = Debug|Any CPU
		{57A31AC1-7002-4F01-9418-47A3EE2BFDDA}.Debug|Any CPU.Build.0 = Debug|Any CPU
		{57A31AC1-7002-4F01-9418-47A3EE2BFDDA}.Release|Any CPU.ActiveCfg = Release|Any CPU
		{57A31AC1-7002-4F01-9418-47A3EE2BFDDA}.Release|Any CPU.Build.0 = Release|Any CPU
	EndGlobalSection
	GlobalSection(SolutionProperties) = preSolution
		HideSolutionNode = FALSE
	EndGlobalSection
	GlobalSection(ExtensibilityGlobals) = postSolution
		SolutionGuid = {0A5B6343-E48C-4731-AC75-901AA6F82AB7}
	EndGlobalSection
EndGlobal
